
Microsoft Visual Studio Solution File, Format Version 12.00
# Visual Studio Version 16
VisualStudioVersion = 16.0.30611.23
MinimumVisualStudioVersion = 10.0.40219.1
Project("{FAE04EC0-301F-11D3-BF4B-00C04F79EFBC}") = "RemoveDuplicates", "RemoveDuplicates\RemoveDuplicates.csproj", "{1A31B7ED-014B-4378-9192-984E602F0D81}"
EndProject
Project("{FAE04EC0-301F-11D3-BF4B-00C04F79EFBC}") = "XUnitTestProject1", "XUnitTestProject1\XUnitTestProject1.csproj", "{14BA239F-CD25-46D6-A0E6-22F0129E9C28}"
EndProject
Global
	GlobalSection(SolutionConfigurationPlatforms) = preSolution
		Debug|Any CPU = Debug|Any CPU
		Release|Any CPU = Release|Any CPU
	EndGlobalSection
	GlobalSection(ProjectConfigurationPlatforms) = postSolution
		{1A31B7ED-014B-4378-9192-984E602F0D81}.Debug|Any CPU.ActiveCfg = Debug|Any CPU
		{1A31B7ED-014B-4378-9192-984E602F0D81}.Debug|Any CPU.Build.0 = Debug|Any CPU
		{1A31B7ED-014B-4378-9192-984E602F0D81}.Release|Any CPU.ActiveCfg = Release|Any CPU
		{1A31B7ED-014B-4378-9192-984E602F0D81}.Release|Any CPU.Build.0 = Release|Any CPU
		{14BA239F-CD25-46D6-A0E6-22F0129E9C28}.Debug|Any CPU.ActiveCfg = Debug|Any CPU
		{14BA239F-CD25-46D6-A0E6-22F0129E9C28}.Debug|Any CPU.Build.0 = Debug|Any CPU
		{14BA239F-CD25-46D6-A0E6-22F0129E9C28}.Release|Any CPU.ActiveCfg = Release|Any CPU
		{14BA239F-CD25-46D6-A0E6-22F0129E9C28}.Release|Any CPU.Build.0 = Release|Any CPU
	EndGlobalSection
	GlobalSection(SolutionProperties) = preSolution
		HideSolutionNode = FALSE
	EndGlobalSection
	GlobalSection(ExtensibilityGlobals) = postSolution
		SolutionGuid = {E2392C05-6987-4777-B1E4-688263655A59}
	EndGlobalSection
EndGlobal
