
Microsoft Visual Studio Solution File, Format Version 12.00
# Visual Studio Version 16
VisualStudioVersion = 16.0.30611.23
MinimumVisualStudioVersion = 10.0.40219.1
Project("{FAE04EC0-301F-11D3-BF4B-00C04F79EFBC}") = "SquareSortedArray", "SquareSortedArray\SquareSortedArray.csproj", "{207F8C75-33F8-4140-9E39-67D57933D6EC}"
EndProject
Project("{FAE04EC0-301F-11D3-BF4B-00C04F79EFBC}") = "XUnitTestProject1", "XUnitTestProject1\XUnitTestProject1.csproj", "{D380B49E-8882-4F21-960B-C1CDF598E17E}"
EndProject
Global
	GlobalSection(SolutionConfigurationPlatforms) = preSolution
		Debug|Any CPU = Debug|Any CPU
		Release|Any CPU = Release|Any CPU
	EndGlobalSection
	GlobalSection(ProjectConfigurationPlatforms) = postSolution
		{207F8C75-33F8-4140-9E39-67D57933D6EC}.Debug|Any CPU.ActiveCfg = Debug|Any CPU
		{207F8C75-33F8-4140-9E39-67D57933D6EC}.Debug|Any CPU.Build.0 = Debug|Any CPU
		{207F8C75-33F8-4140-9E39-67D57933D6EC}.Release|Any CPU.ActiveCfg = Release|Any CPU
		{207F8C75-33F8-4140-9E39-67D57933D6EC}.Release|Any CPU.Build.0 = Release|Any CPU
		{D380B49E-8882-4F21-960B-C1CDF598E17E}.Debug|Any CPU.ActiveCfg = Debug|Any CPU
		{D380B49E-8882-4F21-960B-C1CDF598E17E}.Debug|Any CPU.Build.0 = Debug|Any CPU
		{D380B49E-8882-4F21-960B-C1CDF598E17E}.Release|Any CPU.ActiveCfg = Release|Any CPU
		{D380B49E-8882-4F21-960B-C1CDF598E17E}.Release|Any CPU.Build.0 = Release|Any CPU
	EndGlobalSection
	GlobalSection(SolutionProperties) = preSolution
		HideSolutionNode = FALSE
	EndGlobalSection
	GlobalSection(ExtensibilityGlobals) = postSolution
		SolutionGuid = {B46E5C05-0919-4FEB-B4D5-1CCD0BC14EA2}
	EndGlobalSection
EndGlobal
