
Microsoft Visual Studio Solution File, Format Version 12.00
# Visual Studio Version 16
VisualStudioVersion = 16.0.30611.23
MinimumVisualStudioVersion = 10.0.40219.1
Project("{FAE04EC0-301F-11D3-BF4B-00C04F79EFBC}") = "LongestSubstringWithSameLettersAfterReplacement", "LongestSubstringWithSameLettersAfterReplacement\LongestSubstringWithSameLettersAfterReplacement.csproj", "{787D4A98-81A6-4BC6-ACFD-796C543A168C}"
EndProject
Project("{FAE04EC0-301F-11D3-BF4B-00C04F79EFBC}") = "XUnitTestProject1", "XUnitTestProject1\XUnitTestProject1.csproj", "{A94F6334-CFFC-4E0A-9949-24454A34D598}"
EndProject
Global
	GlobalSection(SolutionConfigurationPlatforms) = preSolution
		Debug|Any CPU = Debug|Any CPU
		Release|Any CPU = Release|Any CPU
	EndGlobalSection
	GlobalSection(ProjectConfigurationPlatforms) = postSolution
		{787D4A98-81A6-4BC6-ACFD-796C543A168C}.Debug|Any CPU.ActiveCfg = Debug|Any CPU
		{787D4A98-81A6-4BC6-ACFD-796C543A168C}.Debug|Any CPU.Build.0 = Debug|Any CPU
		{787D4A98-81A6-4BC6-ACFD-796C543A168C}.Release|Any CPU.ActiveCfg = Release|Any CPU
		{787D4A98-81A6-4BC6-ACFD-796C543A168C}.Release|Any CPU.Build.0 = Release|Any CPU
		{A94F6334-CFFC-4E0A-9949-24454A34D598}.Debug|Any CPU.ActiveCfg = Debug|Any CPU
		{A94F6334-CFFC-4E0A-9949-24454A34D598}.Debug|Any CPU.Build.0 = Debug|Any CPU
		{A94F6334-CFFC-4E0A-9949-24454A34D598}.Release|Any CPU.ActiveCfg = Release|Any CPU
		{A94F6334-CFFC-4E0A-9949-24454A34D598}.Release|Any CPU.Build.0 = Release|Any CPU
	EndGlobalSection
	GlobalSection(SolutionProperties) = preSolution
		HideSolutionNode = FALSE
	EndGlobalSection
	GlobalSection(ExtensibilityGlobals) = postSolution
		SolutionGuid = {584E1DD8-B498-4FDD-B1B8-EAB3A3D14BA3}
	EndGlobalSection
EndGlobal
