
Microsoft Visual Studio Solution File, Format Version 12.00
# Visual Studio Version 16
VisualStudioVersion = 16.0.30611.23
MinimumVisualStudioVersion = 10.0.40219.1
Project("{FAE04EC0-301F-11D3-BF4B-00C04F79EFBC}") = "ShortestPathLength", "ShortestPathLength\ShortestPathLength.csproj", "{E874E433-524A-46FB-B516-779567947115}"
EndProject
Global
	GlobalSection(SolutionConfigurationPlatforms) = preSolution
		Debug|Any CPU = Debug|Any CPU
		Release|Any CPU = Release|Any CPU
	EndGlobalSection
	GlobalSection(ProjectConfigurationPlatforms) = postSolution
		{E874E433-524A-46FB-B516-779567947115}.Debug|Any CPU.ActiveCfg = Debug|Any CPU
		{E874E433-524A-46FB-B516-779567947115}.Debug|Any CPU.Build.0 = Debug|Any CPU
		{E874E433-524A-46FB-B516-779567947115}.Release|Any CPU.ActiveCfg = Release|Any CPU
		{E874E433-524A-46FB-B516-779567947115}.Release|Any CPU.Build.0 = Release|Any CPU
	EndGlobalSection
	GlobalSection(SolutionProperties) = preSolution
		HideSolutionNode = FALSE
	EndGlobalSection
	GlobalSection(ExtensibilityGlobals) = postSolution
		SolutionGuid = {82A0C5DA-E1AA-4713-988E-33ECBF06DE6A}
	EndGlobalSection
EndGlobal
