
Microsoft Visual Studio Solution File, Format Version 12.00
# Visual Studio Version 16
VisualStudioVersion = 16.0.30611.23
MinimumVisualStudioVersion = 10.0.40219.1
Project("{FAE04EC0-301F-11D3-BF4B-00C04F79EFBC}") = "PairWithTargetSum", "PairWithTargetSum\PairWithTargetSum.csproj", "{9E2BAF45-9C82-490F-8478-3534F257E95A}"
EndProject
Global
	GlobalSection(SolutionConfigurationPlatforms) = preSolution
		Debug|Any CPU = Debug|Any CPU
		Release|Any CPU = Release|Any CPU
	EndGlobalSection
	GlobalSection(ProjectConfigurationPlatforms) = postSolution
		{9E2BAF45-9C82-490F-8478-3534F257E95A}.Debug|Any CPU.ActiveCfg = Debug|Any CPU
		{9E2BAF45-9C82-490F-8478-3534F257E95A}.Debug|Any CPU.Build.0 = Debug|Any CPU
		{9E2BAF45-9C82-490F-8478-3534F257E95A}.Release|Any CPU.ActiveCfg = Release|Any CPU
		{9E2BAF45-9C82-490F-8478-3534F257E95A}.Release|Any CPU.Build.0 = Release|Any CPU
	EndGlobalSection
	GlobalSection(SolutionProperties) = preSolution
		HideSolutionNode = FALSE
	EndGlobalSection
	GlobalSection(ExtensibilityGlobals) = postSolution
		SolutionGuid = {47B2D222-D507-4C52-93CF-9D8B89E6D108}
	EndGlobalSection
EndGlobal
