
Microsoft Visual Studio Solution File, Format Version 12.00
# Visual Studio Version 16
VisualStudioVersion = 16.0.30611.23
MinimumVisualStudioVersion = 10.0.40219.1
Project("{FAE04EC0-301F-11D3-BF4B-00C04F79EFBC}") = "LongestSubstringWithKDistinctCharacters", "LongestSubstringWithKDistinctCharacters\LongestSubstringWithKDistinctCharacters.csproj", "{6ACF058C-9C9B-40FC-8A97-9304BDB38376}"
EndProject
Project("{FAE04EC0-301F-11D3-BF4B-00C04F79EFBC}") = "XUnitTestProject1", "XUnitTestProject1\XUnitTestProject1.csproj", "{B6B65E71-DB39-4A04-9E2A-D44A718F850B}"
EndProject
Global
	GlobalSection(SolutionConfigurationPlatforms) = preSolution
		Debug|Any CPU = Debug|Any CPU
		Release|Any CPU = Release|Any CPU
	EndGlobalSection
	GlobalSection(ProjectConfigurationPlatforms) = postSolution
		{6ACF058C-9C9B-40FC-8A97-9304BDB38376}.Debug|Any CPU.ActiveCfg = Debug|Any CPU
		{6ACF058C-9C9B-40FC-8A97-9304BDB38376}.Debug|Any CPU.Build.0 = Debug|Any CPU
		{6ACF058C-9C9B-40FC-8A97-9304BDB38376}.Release|Any CPU.ActiveCfg = Release|Any CPU
		{6ACF058C-9C9B-40FC-8A97-9304BDB38376}.Release|Any CPU.Build.0 = Release|Any CPU
		{B6B65E71-DB39-4A04-9E2A-D44A718F850B}.Debug|Any CPU.ActiveCfg = Debug|Any CPU
		{B6B65E71-DB39-4A04-9E2A-D44A718F850B}.Debug|Any CPU.Build.0 = Debug|Any CPU
		{B6B65E71-DB39-4A04-9E2A-D44A718F850B}.Release|Any CPU.ActiveCfg = Release|Any CPU
		{B6B65E71-DB39-4A04-9E2A-D44A718F850B}.Release|Any CPU.Build.0 = Release|Any CPU
	EndGlobalSection
	GlobalSection(SolutionProperties) = preSolution
		HideSolutionNode = FALSE
	EndGlobalSection
	GlobalSection(ExtensibilityGlobals) = postSolution
		SolutionGuid = {1A66B338-F50D-4A96-BB16-2BD2BDDD0D1C}
	EndGlobalSection
EndGlobal
