
Microsoft Visual Studio Solution File, Format Version 12.00
# Visual Studio Version 16
VisualStudioVersion = 16.0.30611.23
MinimumVisualStudioVersion = 10.0.40219.1
Project("{FAE04EC0-301F-11D3-BF4B-00C04F79EFBC}") = "TripletSumToZero", "TripletSumToZero\TripletSumToZero.csproj", "{1565F9EC-CB62-41BF-863C-E948CF8B3EE3}"
EndProject
Project("{FAE04EC0-301F-11D3-BF4B-00C04F79EFBC}") = "XUnitTestProject1", "XUnitTestProject1\XUnitTestProject1.csproj", "{0B03537E-B0FA-4F12-912A-A3CF1864BB97}"
EndProject
Global
	GlobalSection(SolutionConfigurationPlatforms) = preSolution
		Debug|Any CPU = Debug|Any CPU
		Release|Any CPU = Release|Any CPU
	EndGlobalSection
	GlobalSection(ProjectConfigurationPlatforms) = postSolution
		{1565F9EC-CB62-41BF-863C-E948CF8B3EE3}.Debug|Any CPU.ActiveCfg = Debug|Any CPU
		{1565F9EC-CB62-41BF-863C-E948CF8B3EE3}.Debug|Any CPU.Build.0 = Debug|Any CPU
		{1565F9EC-CB62-41BF-863C-E948CF8B3EE3}.Release|Any CPU.ActiveCfg = Release|Any CPU
		{1565F9EC-CB62-41BF-863C-E948CF8B3EE3}.Release|Any CPU.Build.0 = Release|Any CPU
		{0B03537E-B0FA-4F12-912A-A3CF1864BB97}.Debug|Any CPU.ActiveCfg = Debug|Any CPU
		{0B03537E-B0FA-4F12-912A-A3CF1864BB97}.Debug|Any CPU.Build.0 = Debug|Any CPU
		{0B03537E-B0FA-4F12-912A-A3CF1864BB97}.Release|Any CPU.ActiveCfg = Release|Any CPU
		{0B03537E-B0FA-4F12-912A-A3CF1864BB97}.Release|Any CPU.Build.0 = Release|Any CPU
	EndGlobalSection
	GlobalSection(SolutionProperties) = preSolution
		HideSolutionNode = FALSE
	EndGlobalSection
	GlobalSection(ExtensibilityGlobals) = postSolution
		SolutionGuid = {FBF11076-38EC-4880-83E4-DD42E29B55F2}
	EndGlobalSection
EndGlobal
